// !$*UTF8*$!
{
	archiveVersion = 1;
	classes = {
	};
	objectVersion = 56;
	objects = {

/* Begin PBXBuildFile section */
		C62B8C6D2C137E6500AF6D20 /* LandingScreenMock.json in Resources */ = {isa = PBXBuildFile; fileRef = C62B8C6C2C137E6500AF6D20 /* LandingScreenMock.json */; };
		C62B8C712C138FF100AF6D20 /* JtoSParams.swift in Sources */ = {isa = PBXBuildFile; fileRef = C62B8C702C138FF100AF6D20 /* JtoSParams.swift */; };
		C62B8C732C13900A00AF6D20 /* ParamsCommon.swift in Sources */ = {isa = PBXBuildFile; fileRef = C62B8C722C13900A00AF6D20 /* ParamsCommon.swift */; };
		C62B8C752C13902000AF6D20 /* ParamsText.swift in Sources */ = {isa = PBXBuildFile; fileRef = C62B8C742C13902000AF6D20 /* ParamsText.swift */; };
		C62B8C772C13903700AF6D20 /* ParamsImage.swift in Sources */ = {isa = PBXBuildFile; fileRef = C62B8C762C13903700AF6D20 /* ParamsImage.swift */; };
		C62B8C792C13904E00AF6D20 /* ParamsColor.swift in Sources */ = {isa = PBXBuildFile; fileRef = C62B8C782C13904E00AF6D20 /* ParamsColor.swift */; };
		C62B8C7B2C13906000AF6D20 /* ParamsVStack.swift in Sources */ = {isa = PBXBuildFile; fileRef = C62B8C7A2C13906000AF6D20 /* ParamsVStack.swift */; };
		C62B8C7D2C13907000AF6D20 /* ParamsHStack.swift in Sources */ = {isa = PBXBuildFile; fileRef = C62B8C7C2C13907000AF6D20 /* ParamsHStack.swift */; };
		C62B8C7F2C13908A00AF6D20 /* ParamsZStack.swift in Sources */ = {isa = PBXBuildFile; fileRef = C62B8C7E2C13908A00AF6D20 /* ParamsZStack.swift */; };
		C62B8C862C13918400AF6D20 /* ApplyCommonParams.swift in Sources */ = {isa = PBXBuildFile; fileRef = C62B8C852C13918400AF6D20 /* ApplyCommonParams.swift */; };
		C62B8C882C1391D500AF6D20 /* ApplyTextParams.swift in Sources */ = {isa = PBXBuildFile; fileRef = C62B8C872C1391D500AF6D20 /* ApplyTextParams.swift */; };
		C62B8C8A2C1391FA00AF6D20 /* ApplyImageParams.swift in Sources */ = {isa = PBXBuildFile; fileRef = C62B8C892C1391FA00AF6D20 /* ApplyImageParams.swift */; };
		C62B8C8C2C13920A00AF6D20 /* ApplyColorParams.swift in Sources */ = {isa = PBXBuildFile; fileRef = C62B8C8B2C13920A00AF6D20 /* ApplyColorParams.swift */; };
		C62B8C8E2C13921D00AF6D20 /* ApplyVStackParams.swift in Sources */ = {isa = PBXBuildFile; fileRef = C62B8C8D2C13921D00AF6D20 /* ApplyVStackParams.swift */; };
		C62B8C902C13923800AF6D20 /* ApplyHStackParams.swift in Sources */ = {isa = PBXBuildFile; fileRef = C62B8C8F2C13923800AF6D20 /* ApplyHStackParams.swift */; };
		C62B8C922C13926000AF6D20 /* ApplyZStackParams.swift in Sources */ = {isa = PBXBuildFile; fileRef = C62B8C912C13926000AF6D20 /* ApplyZStackParams.swift */; };
		C62B8C942C13927700AF6D20 /* ApplyScrollViewParams.swift in Sources */ = {isa = PBXBuildFile; fileRef = C62B8C932C13927700AF6D20 /* ApplyScrollViewParams.swift */; };
		C63D72852BF3F49D00818450 /* Params.swift in Sources */ = {isa = PBXBuildFile; fileRef = C63D72842BF3F49D00818450 /* Params.swift */; };
		C63D72892BF3F4D200818450 /* JtoS+traverse.swift in Sources */ = {isa = PBXBuildFile; fileRef = C63D72882BF3F4D200818450 /* JtoS+traverse.swift */; };
		C63D728B2BF3F4F700818450 /* ParamsScrollView.swift in Sources */ = {isa = PBXBuildFile; fileRef = C63D728A2BF3F4F700818450 /* ParamsScrollView.swift */; };
		C6E489732BF286F500427675 /* Thesis_SwiftUIApp.swift in Sources */ = {isa = PBXBuildFile; fileRef = C6E489722BF286F500427675 /* Thesis_SwiftUIApp.swift */; };
		C6E489752BF286F500427675 /* ContentView.swift in Sources */ = {isa = PBXBuildFile; fileRef = C6E489742BF286F500427675 /* ContentView.swift */; };
		C6E489772BF286F600427675 /* Assets.xcassets in Resources */ = {isa = PBXBuildFile; fileRef = C6E489762BF286F600427675 /* Assets.xcassets */; };
		C6E4897A2BF286F600427675 /* Preview Assets.xcassets in Resources */ = {isa = PBXBuildFile; fileRef = C6E489792BF286F600427675 /* Preview Assets.xcassets */; };
		C6E489822BF28DEE00427675 /* JtoSConverter.swift in Sources */ = {isa = PBXBuildFile; fileRef = C6E489812BF28DEE00427675 /* JtoSConverter.swift */; };
		C6E489862BF28E1C00427675 /* CatalogScreenMock.json in Resources */ = {isa = PBXBuildFile; fileRef = C6E489852BF28E1C00427675 /* CatalogScreenMock.json */; };
		C6E489882BF28EE300427675 /* JtoSView.swift in Sources */ = {isa = PBXBuildFile; fileRef = C6E489872BF28EE300427675 /* JtoSView.swift */; };
		C6E4898B2BF28F2300427675 /* JtoSMockType.swift in Sources */ = {isa = PBXBuildFile; fileRef = C6E4898A2BF28F2300427675 /* JtoSMockType.swift */; };
		C6E4898D2BF28FD900427675 /* JtoS.swift in Sources */ = {isa = PBXBuildFile; fileRef = C6E4898C2BF28FD900427675 /* JtoS.swift */; };
		C6F1CB152BF50C5A00CF9317 /* View+Apply.swift in Sources */ = {isa = PBXBuildFile; fileRef = C6F1CB142BF50C5A00CF9317 /* View+Apply.swift */; };
		C6F1CB172BF50C9300CF9317 /* Color+hex.swift in Sources */ = {isa = PBXBuildFile; fileRef = C6F1CB162BF50C9300CF9317 /* Color+hex.swift */; };
/* End PBXBuildFile section */

/* Begin PBXFileReference section */
		C62B8C6C2C137E6500AF6D20 /* LandingScreenMock.json */ = {isa = PBXFileReference; lastKnownFileType = text.json; path = LandingScreenMock.json; sourceTree = "<group>"; wrapsLines = 0; };
		C62B8C702C138FF100AF6D20 /* JtoSParams.swift */ = {isa = PBXFileReference; lastKnownFileType = sourcecode.swift; path = JtoSParams.swift; sourceTree = "<group>"; };
		C62B8C722C13900A00AF6D20 /* ParamsCommon.swift */ = {isa = PBXFileReference; lastKnownFileType = sourcecode.swift; path = ParamsCommon.swift; sourceTree = "<group>"; };
		C62B8C742C13902000AF6D20 /* ParamsText.swift */ = {isa = PBXFileReference; lastKnownFileType = sourcecode.swift; path = ParamsText.swift; sourceTree = "<group>"; };
		C62B8C762C13903700AF6D20 /* ParamsImage.swift */ = {isa = PBXFileReference; lastKnownFileType = sourcecode.swift; path = ParamsImage.swift; sourceTree = "<group>"; };
		C62B8C782C13904E00AF6D20 /* ParamsColor.swift */ = {isa = PBXFileReference; lastKnownFileType = sourcecode.swift; path = ParamsColor.swift; sourceTree = "<group>"; };
		C62B8C7A2C13906000AF6D20 /* ParamsVStack.swift */ = {isa = PBXFileReference; lastKnownFileType = sourcecode.swift; path = ParamsVStack.swift; sourceTree = "<group>"; };
		C62B8C7C2C13907000AF6D20 /* ParamsHStack.swift */ = {isa = PBXFileReference; lastKnownFileType = sourcecode.swift; path = ParamsHStack.swift; sourceTree = "<group>"; };
		C62B8C7E2C13908A00AF6D20 /* ParamsZStack.swift */ = {isa = PBXFileReference; lastKnownFileType = sourcecode.swift; path = ParamsZStack.swift; sourceTree = "<group>"; };
		C62B8C852C13918400AF6D20 /* ApplyCommonParams.swift */ = {isa = PBXFileReference; lastKnownFileType = sourcecode.swift; path = ApplyCommonParams.swift; sourceTree = "<group>"; };
		C62B8C872C1391D500AF6D20 /* ApplyTextParams.swift */ = {isa = PBXFileReference; lastKnownFileType = sourcecode.swift; path = ApplyTextParams.swift; sourceTree = "<group>"; };
		C62B8C892C1391FA00AF6D20 /* ApplyImageParams.swift */ = {isa = PBXFileReference; lastKnownFileType = sourcecode.swift; path = ApplyImageParams.swift; sourceTree = "<group>"; };
		C62B8C8B2C13920A00AF6D20 /* ApplyColorParams.swift */ = {isa = PBXFileReference; lastKnownFileType = sourcecode.swift; path = ApplyColorParams.swift; sourceTree = "<group>"; };
		C62B8C8D2C13921D00AF6D20 /* ApplyVStackParams.swift */ = {isa = PBXFileReference; lastKnownFileType = sourcecode.swift; path = ApplyVStackParams.swift; sourceTree = "<group>"; };
		C62B8C8F2C13923800AF6D20 /* ApplyHStackParams.swift */ = {isa = PBXFileReference; lastKnownFileType = sourcecode.swift; path = ApplyHStackParams.swift; sourceTree = "<group>"; };
		C62B8C912C13926000AF6D20 /* ApplyZStackParams.swift */ = {isa = PBXFileReference; lastKnownFileType = sourcecode.swift; path = ApplyZStackParams.swift; sourceTree = "<group>"; };
		C62B8C932C13927700AF6D20 /* ApplyScrollViewParams.swift */ = {isa = PBXFileReference; lastKnownFileType = sourcecode.swift; path = ApplyScrollViewParams.swift; sourceTree = "<group>"; };
		C63D72842BF3F49D00818450 /* Params.swift */ = {isa = PBXFileReference; lastKnownFileType = sourcecode.swift; path = Params.swift; sourceTree = "<group>"; };
		C63D72882BF3F4D200818450 /* JtoS+traverse.swift */ = {isa = PBXFileReference; lastKnownFileType = sourcecode.swift; path = "JtoS+traverse.swift"; sourceTree = "<group>"; };
		C63D728A2BF3F4F700818450 /* ParamsScrollView.swift */ = {isa = PBXFileReference; lastKnownFileType = sourcecode.swift; path = ParamsScrollView.swift; sourceTree = "<group>"; };
		C6E4896F2BF286F500427675 /* Thesis SwiftUI.app */ = {isa = PBXFileReference; explicitFileType = wrapper.application; includeInIndex = 0; path = "Thesis SwiftUI.app"; sourceTree = BUILT_PRODUCTS_DIR; };
		C6E489722BF286F500427675 /* Thesis_SwiftUIApp.swift */ = {isa = PBXFileReference; lastKnownFileType = sourcecode.swift; path = Thesis_SwiftUIApp.swift; sourceTree = "<group>"; };
		C6E489742BF286F500427675 /* ContentView.swift */ = {isa = PBXFileReference; lastKnownFileType = sourcecode.swift; path = ContentView.swift; sourceTree = "<group>"; };
		C6E489762BF286F600427675 /* Assets.xcassets */ = {isa = PBXFileReference; lastKnownFileType = folder.assetcatalog; path = Assets.xcassets; sourceTree = "<group>"; };
		C6E489792BF286F600427675 /* Preview Assets.xcassets */ = {isa = PBXFileReference; lastKnownFileType = folder.assetcatalog; path = "Preview Assets.xcassets"; sourceTree = "<group>"; };
		C6E489812BF28DEE00427675 /* JtoSConverter.swift */ = {isa = PBXFileReference; lastKnownFileType = sourcecode.swift; path = JtoSConverter.swift; sourceTree = "<group>"; };
		C6E489852BF28E1C00427675 /* CatalogScreenMock.json */ = {isa = PBXFileReference; lastKnownFileType = text.json; path = CatalogScreenMock.json; sourceTree = "<group>"; wrapsLines = 0; };
		C6E489872BF28EE300427675 /* JtoSView.swift */ = {isa = PBXFileReference; lastKnownFileType = sourcecode.swift; path = JtoSView.swift; sourceTree = "<group>"; };
		C6E4898A2BF28F2300427675 /* JtoSMockType.swift */ = {isa = PBXFileReference; lastKnownFileType = sourcecode.swift; path = JtoSMockType.swift; sourceTree = "<group>"; };
		C6E4898C2BF28FD900427675 /* JtoS.swift */ = {isa = PBXFileReference; lastKnownFileType = sourcecode.swift; path = JtoS.swift; sourceTree = "<group>"; };
		C6F1CB142BF50C5A00CF9317 /* View+Apply.swift */ = {isa = PBXFileReference; lastKnownFileType = sourcecode.swift; path = "View+Apply.swift"; sourceTree = "<group>"; };
		C6F1CB162BF50C9300CF9317 /* Color+hex.swift */ = {isa = PBXFileReference; lastKnownFileType = sourcecode.swift; path = "Color+hex.swift"; sourceTree = "<group>"; };
/* End PBXFileReference section */

/* Begin PBXFrameworksBuildPhase section */
		C6E4896C2BF286F500427675 /* Frameworks */ = {
			isa = PBXFrameworksBuildPhase;
			buildActionMask = 2147483647;
			files = (
			);
			runOnlyForDeploymentPostprocessing = 0;
		};
/* End PBXFrameworksBuildPhase section */

/* Begin PBXGroup section */
		C62B8C6E2C138FA900AF6D20 /* Params */ = {
			isa = PBXGroup;
			children = (
				C63D72842BF3F49D00818450 /* Params.swift */,
				C62B8C702C138FF100AF6D20 /* JtoSParams.swift */,
				C62B8C722C13900A00AF6D20 /* ParamsCommon.swift */,
				C62B8C742C13902000AF6D20 /* ParamsText.swift */,
				C62B8C762C13903700AF6D20 /* ParamsImage.swift */,
				C62B8C782C13904E00AF6D20 /* ParamsColor.swift */,
				C62B8C7A2C13906000AF6D20 /* ParamsVStack.swift */,
				C62B8C7C2C13907000AF6D20 /* ParamsHStack.swift */,
				C62B8C7E2C13908A00AF6D20 /* ParamsZStack.swift */,
				C63D728A2BF3F4F700818450 /* ParamsScrollView.swift */,
			);
			path = Params;
			sourceTree = "<group>";
		};
		C62B8C802C1390DC00AF6D20 /* View */ = {
			isa = PBXGroup;
			children = (
				C6F1CB142BF50C5A00CF9317 /* View+Apply.swift */,
			);
			path = View;
			sourceTree = "<group>";
		};
		C62B8C812C1390EA00AF6D20 /* Extension */ = {
			isa = PBXGroup;
			children = (
				C6F1CB162BF50C9300CF9317 /* Color+hex.swift */,
			);
			path = Extension;
			sourceTree = "<group>";
		};
		C62B8C822C1390F600AF6D20 /* SwiftUI */ = {
			isa = PBXGroup;
			children = (
				C62B8C842C13917A00AF6D20 /* ViewModifier */,
				C62B8C802C1390DC00AF6D20 /* View */,
				C62B8C812C1390EA00AF6D20 /* Extension */,
			);
			path = SwiftUI;
			sourceTree = "<group>";
		};
		C62B8C832C13913700AF6D20 /* JtoS */ = {
			isa = PBXGroup;
			children = (
				C63D72832BF3F47400818450 /* Extension */,
				C6E4898C2BF28FD900427675 /* JtoS.swift */,
			);
			path = JtoS;
			sourceTree = "<group>";
		};
		C62B8C842C13917A00AF6D20 /* ViewModifier */ = {
			isa = PBXGroup;
			children = (
				C62B8C852C13918400AF6D20 /* ApplyCommonParams.swift */,
				C62B8C872C1391D500AF6D20 /* ApplyTextParams.swift */,
				C62B8C892C1391FA00AF6D20 /* ApplyImageParams.swift */,
				C62B8C8B2C13920A00AF6D20 /* ApplyColorParams.swift */,
				C62B8C8D2C13921D00AF6D20 /* ApplyVStackParams.swift */,
				C62B8C8F2C13923800AF6D20 /* ApplyHStackParams.swift */,
				C62B8C912C13926000AF6D20 /* ApplyZStackParams.swift */,
				C62B8C932C13927700AF6D20 /* ApplyScrollViewParams.swift */,
			);
			path = ViewModifier;
			sourceTree = "<group>";
		};
		C63D72832BF3F47400818450 /* Extension */ = {
			isa = PBXGroup;
			children = (
				C63D72882BF3F4D200818450 /* JtoS+traverse.swift */,
			);
			path = Extension;
			sourceTree = "<group>";
		};
		C6E489662BF286F500427675 = {
			isa = PBXGroup;
			children = (
				C6E489712BF286F500427675 /* Thesis SwiftUI */,
				C6E489702BF286F500427675 /* Products */,
			);
			sourceTree = "<group>";
		};
		C6E489702BF286F500427675 /* Products */ = {
			isa = PBXGroup;
			children = (
				C6E4896F2BF286F500427675 /* Thesis SwiftUI.app */,
			);
			name = Products;
			sourceTree = "<group>";
		};
		C6E489712BF286F500427675 /* Thesis SwiftUI */ = {
			isa = PBXGroup;
			children = (
				C6E489722BF286F500427675 /* Thesis_SwiftUIApp.swift */,
				C6E489742BF286F500427675 /* ContentView.swift */,
				C6E489762BF286F600427675 /* Assets.xcassets */,
				C6E489802BF28DAA00427675 /* JtoS */,
				C6E489782BF286F600427675 /* Preview Content */,
			);
			path = "Thesis SwiftUI";
			sourceTree = "<group>";
		};
		C6E489782BF286F600427675 /* Preview Content */ = {
			isa = PBXGroup;
			children = (
				C6E489792BF286F600427675 /* Preview Assets.xcassets */,
			);
			path = "Preview Content";
			sourceTree = "<group>";
		};
		C6E489802BF28DAA00427675 /* JtoS */ = {
			isa = PBXGroup;
			children = (
				C6F1CB132BF50C4700CF9317 /* Utils */,
				C6E489892BF28F1100427675 /* Model */,
				C6E489832BF28DF200427675 /* Source */,
				C6E489842BF28DFC00427675 /* Resource */,
			);
			path = JtoS;
			sourceTree = "<group>";
		};
		C6E489832BF28DF200427675 /* Source */ = {
			isa = PBXGroup;
			children = (
				C6E489872BF28EE300427675 /* JtoSView.swift */,
				C6E489812BF28DEE00427675 /* JtoSConverter.swift */,
			);
			path = Source;
			sourceTree = "<group>";
		};
		C6E489842BF28DFC00427675 /* Resource */ = {
			isa = PBXGroup;
			children = (
				C6E489852BF28E1C00427675 /* CatalogScreenMock.json */,
				C62B8C6C2C137E6500AF6D20 /* LandingScreenMock.json */,
			);
			path = Resource;
			sourceTree = "<group>";
		};
		C6E489892BF28F1100427675 /* Model */ = {
			isa = PBXGroup;
			children = (
				C62B8C832C13913700AF6D20 /* JtoS */,
				C62B8C6E2C138FA900AF6D20 /* Params */,
				C6E4898A2BF28F2300427675 /* JtoSMockType.swift */,
			);
			path = Model;
			sourceTree = "<group>";
		};
		C6F1CB132BF50C4700CF9317 /* Utils */ = {
			isa = PBXGroup;
			children = (
				C62B8C822C1390F600AF6D20 /* SwiftUI */,
			);
			path = Utils;
			sourceTree = "<group>";
		};
/* End PBXGroup section */

/* Begin PBXNativeTarget section */
		C6E4896E2BF286F500427675 /* Thesis SwiftUI */ = {
			isa = PBXNativeTarget;
			buildConfigurationList = C6E4897D2BF286F600427675 /* Build configuration list for PBXNativeTarget "Thesis SwiftUI" */;
			buildPhases = (
				C6E4896B2BF286F500427675 /* Sources */,
				C6E4896C2BF286F500427675 /* Frameworks */,
				C6E4896D2BF286F500427675 /* Resources */,
			);
			buildRules = (
			);
			dependencies = (
			);
			name = "Thesis SwiftUI";
			productName = "Thesis SwiftUI";
			productReference = C6E4896F2BF286F500427675 /* Thesis SwiftUI.app */;
			productType = "com.apple.product-type.application";
		};
/* End PBXNativeTarget section */

/* Begin PBXProject section */
		C6E489672BF286F500427675 /* Project object */ = {
			isa = PBXProject;
			attributes = {
				BuildIndependentTargetsInParallel = 1;
				LastSwiftUpdateCheck = 1510;
				LastUpgradeCheck = 1510;
				TargetAttributes = {
					C6E4896E2BF286F500427675 = {
						CreatedOnToolsVersion = 15.1;
					};
				};
			};
			buildConfigurationList = C6E4896A2BF286F500427675 /* Build configuration list for PBXProject "Thesis SwiftUI" */;
			compatibilityVersion = "Xcode 14.0";
			developmentRegion = en;
			hasScannedForEncodings = 0;
			knownRegions = (
				en,
				Base,
			);
			mainGroup = C6E489662BF286F500427675;
			productRefGroup = C6E489702BF286F500427675 /* Products */;
			projectDirPath = "";
			projectRoot = "";
			targets = (
				C6E4896E2BF286F500427675 /* Thesis SwiftUI */,
			);
		};
/* End PBXProject section */

/* Begin PBXResourcesBuildPhase section */
		C6E4896D2BF286F500427675 /* Resources */ = {
			isa = PBXResourcesBuildPhase;
			buildActionMask = 2147483647;
			files = (
				C6E4897A2BF286F600427675 /* Preview Assets.xcassets in Resources */,
				C62B8C6D2C137E6500AF6D20 /* LandingScreenMock.json in Resources */,
				C6E489772BF286F600427675 /* Assets.xcassets in Resources */,
				C6E489862BF28E1C00427675 /* CatalogScreenMock.json in Resources */,
			);
			runOnlyForDeploymentPostprocessing = 0;
		};
/* End PBXResourcesBuildPhase section */

/* Begin PBXSourcesBuildPhase section */
		C6E4896B2BF286F500427675 /* Sources */ = {
			isa = PBXSourcesBuildPhase;
			buildActionMask = 2147483647;
			files = (
				C62B8C8E2C13921D00AF6D20 /* ApplyVStackParams.swift in Sources */,
				C6E4898B2BF28F2300427675 /* JtoSMockType.swift in Sources */,
				C62B8C862C13918400AF6D20 /* ApplyCommonParams.swift in Sources */,
				C63D72852BF3F49D00818450 /* Params.swift in Sources */,
				C62B8C772C13903700AF6D20 /* ParamsImage.swift in Sources */,
				C6E4898D2BF28FD900427675 /* JtoS.swift in Sources */,
				C6E489882BF28EE300427675 /* JtoSView.swift in Sources */,
				C6E489752BF286F500427675 /* ContentView.swift in Sources */,
				C6F1CB152BF50C5A00CF9317 /* View+Apply.swift in Sources */,
				C62B8C902C13923800AF6D20 /* ApplyHStackParams.swift in Sources */,
				C62B8C7F2C13908A00AF6D20 /* ParamsZStack.swift in Sources */,
				C62B8C7D2C13907000AF6D20 /* ParamsHStack.swift in Sources */,
				C63D728B2BF3F4F700818450 /* ParamsScrollView.swift in Sources */,
				C6E489822BF28DEE00427675 /* JtoSConverter.swift in Sources */,
				C62B8C8C2C13920A00AF6D20 /* ApplyColorParams.swift in Sources */,
				C6F1CB172BF50C9300CF9317 /* Color+hex.swift in Sources */,
				C62B8C7B2C13906000AF6D20 /* ParamsVStack.swift in Sources */,
				C63D72892BF3F4D200818450 /* JtoS+traverse.swift in Sources */,
				C62B8C922C13926000AF6D20 /* ApplyZStackParams.swift in Sources */,
				C6E489732BF286F500427675 /* Thesis_SwiftUIApp.swift in Sources */,
				C62B8C732C13900A00AF6D20 /* ParamsCommon.swift in Sources */,
				C62B8C942C13927700AF6D20 /* ApplyScrollViewParams.swift in Sources */,
				C62B8C752C13902000AF6D20 /* ParamsText.swift in Sources */,
				C62B8C8A2C1391FA00AF6D20 /* ApplyImageParams.swift in Sources */,
				C62B8C712C138FF100AF6D20 /* JtoSParams.swift in Sources */,
				C62B8C792C13904E00AF6D20 /* ParamsColor.swift in Sources */,
				C62B8C882C1391D500AF6D20 /* ApplyTextParams.swift in Sources */,
			);
			runOnlyForDeploymentPostprocessing = 0;
		};
/* End PBXSourcesBuildPhase section */

/* Begin XCBuildConfiguration section */
		C6E4897B2BF286F600427675 /* Debug */ = {
			isa = XCBuildConfiguration;
			buildSettings = {
				ALWAYS_SEARCH_USER_PATHS = NO;
				ASSETCATALOG_COMPILER_GENERATE_SWIFT_ASSET_SYMBOL_EXTENSIONS = YES;
				CLANG_ANALYZER_NONNULL = YES;
				CLANG_ANALYZER_NUMBER_OBJECT_CONVERSION = YES_AGGRESSIVE;
				CLANG_CXX_LANGUAGE_STANDARD = "gnu++20";
				CLANG_ENABLE_MODULES = YES;
				CLANG_ENABLE_OBJC_ARC = YES;
				CLANG_ENABLE_OBJC_WEAK = YES;
				CLANG_WARN_BLOCK_CAPTURE_AUTORELEASING = YES;
				CLANG_WARN_BOOL_CONVERSION = YES;
				CLANG_WARN_COMMA = YES;
				CLANG_WARN_CONSTANT_CONVERSION = YES;
				CLANG_WARN_DEPRECATED_OBJC_IMPLEMENTATIONS = YES;
				CLANG_WARN_DIRECT_OBJC_ISA_USAGE = YES_ERROR;
				CLANG_WARN_DOCUMENTATION_COMMENTS = YES;
				CLANG_WARN_EMPTY_BODY = YES;
				CLANG_WARN_ENUM_CONVERSION = YES;
				CLANG_WARN_INFINITE_RECURSION = YES;
				CLANG_WARN_INT_CONVERSION = YES;
				CLANG_WARN_NON_LITERAL_NULL_CONVERSION = YES;
				CLANG_WARN_OBJC_IMPLICIT_RETAIN_SELF = YES;
				CLANG_WARN_OBJC_LITERAL_CONVERSION = YES;
				CLANG_WARN_OBJC_ROOT_CLASS = YES_ERROR;
				CLANG_WARN_QUOTED_INCLUDE_IN_FRAMEWORK_HEADER = YES;
				CLANG_WARN_RANGE_LOOP_ANALYSIS = YES;
				CLANG_WARN_STRICT_PROTOTYPES = YES;
				CLANG_WARN_SUSPICIOUS_MOVE = YES;
				CLANG_WARN_UNGUARDED_AVAILABILITY = YES_AGGRESSIVE;
				CLANG_WARN_UNREACHABLE_CODE = YES;
				CLANG_WARN__DUPLICATE_METHOD_MATCH = YES;
				COPY_PHASE_STRIP = NO;
				DEBUG_INFORMATION_FORMAT = dwarf;
				ENABLE_STRICT_OBJC_MSGSEND = YES;
				ENABLE_TESTABILITY = YES;
				ENABLE_USER_SCRIPT_SANDBOXING = YES;
				GCC_C_LANGUAGE_STANDARD = gnu17;
				GCC_DYNAMIC_NO_PIC = NO;
				GCC_NO_COMMON_BLOCKS = YES;
				GCC_OPTIMIZATION_LEVEL = 0;
				GCC_PREPROCESSOR_DEFINITIONS = (
					"DEBUG=1",
					"$(inherited)",
				);
				GCC_WARN_64_TO_32_BIT_CONVERSION = YES;
				GCC_WARN_ABOUT_RETURN_TYPE = YES_ERROR;
				GCC_WARN_UNDECLARED_SELECTOR = YES;
				GCC_WARN_UNINITIALIZED_AUTOS = YES_AGGRESSIVE;
				GCC_WARN_UNUSED_FUNCTION = YES;
				GCC_WARN_UNUSED_VARIABLE = YES;
				IPHONEOS_DEPLOYMENT_TARGET = 17.2;
				LOCALIZATION_PREFERS_STRING_CATALOGS = YES;
				MTL_ENABLE_DEBUG_INFO = INCLUDE_SOURCE;
				MTL_FAST_MATH = YES;
				ONLY_ACTIVE_ARCH = YES;
				SDKROOT = iphoneos;
				SWIFT_ACTIVE_COMPILATION_CONDITIONS = "DEBUG $(inherited)";
				SWIFT_OPTIMIZATION_LEVEL = "-Onone";
			};
			name = Debug;
		};
		C6E4897C2BF286F600427675 /* Release */ = {
			isa = XCBuildConfiguration;
			buildSettings = {
				ALWAYS_SEARCH_USER_PATHS = NO;
				ASSETCATALOG_COMPILER_GENERATE_SWIFT_ASSET_SYMBOL_EXTENSIONS = YES;
				CLANG_ANALYZER_NONNULL = YES;
				CLANG_ANALYZER_NUMBER_OBJECT_CONVERSION = YES_AGGRESSIVE;
				CLANG_CXX_LANGUAGE_STANDARD = "gnu++20";
				CLANG_ENABLE_MODULES = YES;
				CLANG_ENABLE_OBJC_ARC = YES;
				CLANG_ENABLE_OBJC_WEAK = YES;
				CLANG_WARN_BLOCK_CAPTURE_AUTORELEASING = YES;
				CLANG_WARN_BOOL_CONVERSION = YES;
				CLANG_WARN_COMMA = YES;
				CLANG_WARN_CONSTANT_CONVERSION = YES;
				CLANG_WARN_DEPRECATED_OBJC_IMPLEMENTATIONS = YES;
				CLANG_WARN_DIRECT_OBJC_ISA_USAGE = YES_ERROR;
				CLANG_WARN_DOCUMENTATION_COMMENTS = YES;
				CLANG_WARN_EMPTY_BODY = YES;
				CLANG_WARN_ENUM_CONVERSION = YES;
				CLANG_WARN_INFINITE_RECURSION = YES;
				CLANG_WARN_INT_CONVERSION = YES;
				CLANG_WARN_NON_LITERAL_NULL_CONVERSION = YES;
				CLANG_WARN_OBJC_IMPLICIT_RETAIN_SELF = YES;
				CLANG_WARN_OBJC_LITERAL_CONVERSION = YES;
				CLANG_WARN_OBJC_ROOT_CLASS = YES_ERROR;
				CLANG_WARN_QUOTED_INCLUDE_IN_FRAMEWORK_HEADER = YES;
				CLANG_WARN_RANGE_LOOP_ANALYSIS = YES;
				CLANG_WARN_STRICT_PROTOTYPES = YES;
				CLANG_WARN_SUSPICIOUS_MOVE = YES;
				CLANG_WARN_UNGUARDED_AVAILABILITY = YES_AGGRESSIVE;
				CLANG_WARN_UNREACHABLE_CODE = YES;
				CLANG_WARN__DUPLICATE_METHOD_MATCH = YES;
				COPY_PHASE_STRIP = NO;
				DEBUG_INFORMATION_FORMAT = "dwarf-with-dsym";
				ENABLE_NS_ASSERTIONS = NO;
				ENABLE_STRICT_OBJC_MSGSEND = YES;
				ENABLE_USER_SCRIPT_SANDBOXING = YES;
				GCC_C_LANGUAGE_STANDARD = gnu17;
				GCC_NO_COMMON_BLOCKS = YES;
				GCC_WARN_64_TO_32_BIT_CONVERSION = YES;
				GCC_WARN_ABOUT_RETURN_TYPE = YES_ERROR;
				GCC_WARN_UNDECLARED_SELECTOR = YES;
				GCC_WARN_UNINITIALIZED_AUTOS = YES_AGGRESSIVE;
				GCC_WARN_UNUSED_FUNCTION = YES;
				GCC_WARN_UNUSED_VARIABLE = YES;
				IPHONEOS_DEPLOYMENT_TARGET = 17.2;
				LOCALIZATION_PREFERS_STRING_CATALOGS = YES;
				MTL_ENABLE_DEBUG_INFO = NO;
				MTL_FAST_MATH = YES;
				SDKROOT = iphoneos;
				SWIFT_COMPILATION_MODE = wholemodule;
				VALIDATE_PRODUCT = YES;
			};
			name = Release;
		};
		C6E4897E2BF286F600427675 /* Debug */ = {
			isa = XCBuildConfiguration;
			buildSettings = {
				ASSETCATALOG_COMPILER_APPICON_NAME = AppIcon;
				ASSETCATALOG_COMPILER_GLOBAL_ACCENT_COLOR_NAME = AccentColor;
				CODE_SIGN_STYLE = Automatic;
				CURRENT_PROJECT_VERSION = 1;
				DEVELOPMENT_ASSET_PATHS = "\"Thesis SwiftUI/Preview Content\"";
				DEVELOPMENT_TEAM = J2YJ6QP79J;
				ENABLE_PREVIEWS = YES;
				GENERATE_INFOPLIST_FILE = YES;
				INFOPLIST_KEY_UIApplicationSceneManifest_Generation = YES;
				INFOPLIST_KEY_UIApplicationSupportsIndirectInputEvents = YES;
				INFOPLIST_KEY_UILaunchScreen_Generation = YES;
				INFOPLIST_KEY_UISupportedInterfaceOrientations = UIInterfaceOrientationPortrait;
				INFOPLIST_KEY_UISupportedInterfaceOrientations_iPad = "UIInterfaceOrientationLandscapeLeft UIInterfaceOrientationLandscapeRight UIInterfaceOrientationPortrait UIInterfaceOrientationPortraitUpsideDown";
				IPHONEOS_DEPLOYMENT_TARGET = 17.0;
				LD_RUNPATH_SEARCH_PATHS = (
					"$(inherited)",
					"@executable_path/Frameworks",
				);
				MARKETING_VERSION = 1.0;
				PRODUCT_BUNDLE_IDENTIFIER = "beka.Thesis-SwiftUI";
				PRODUCT_NAME = "$(TARGET_NAME)";
				SUPPORTED_PLATFORMS = "iphoneos iphonesimulator";
				SUPPORTS_MACCATALYST = NO;
				SUPPORTS_MAC_DESIGNED_FOR_IPHONE_IPAD = NO;
				SWIFT_EMIT_LOC_STRINGS = YES;
				SWIFT_VERSION = 5.0;
				TARGETED_DEVICE_FAMILY = 1;
			};
			name = Debug;
		};
		C6E4897F2BF286F600427675 /* Release */ = {
			isa = XCBuildConfiguration;
			buildSettings = {
				ASSETCATALOG_COMPILER_APPICON_NAME = AppIcon;
				ASSETCATALOG_COMPILER_GLOBAL_ACCENT_COLOR_NAME = AccentColor;
				CODE_SIGN_STYLE = Automatic;
				CURRENT_PROJECT_VERSION = 1;
				DEVELOPMENT_ASSET_PATHS = "\"Thesis SwiftUI/Preview Content\"";
				DEVELOPMENT_TEAM = J2YJ6QP79J;
				ENABLE_PREVIEWS = YES;
				GENERATE_INFOPLIST_FILE = YES;
				INFOPLIST_KEY_UIApplicationSceneManifest_Generation = YES;
				INFOPLIST_KEY_UIApplicationSupportsIndirectInputEvents = YES;
				INFOPLIST_KEY_UILaunchScreen_Generation = YES;
				INFOPLIST_KEY_UISupportedInterfaceOrientations = UIInterfaceOrientationPortrait;
				INFOPLIST_KEY_UISupportedInterfaceOrientations_iPad = "UIInterfaceOrientationLandscapeLeft UIInterfaceOrientationLandscapeRight UIInterfaceOrientationPortrait UIInterfaceOrientationPortraitUpsideDown";
				IPHONEOS_DEPLOYMENT_TARGET = 17.0;
				LD_RUNPATH_SEARCH_PATHS = (
					"$(inherited)",
					"@executable_path/Frameworks",
				);
				MARKETING_VERSION = 1.0;
				PRODUCT_BUNDLE_IDENTIFIER = "beka.Thesis-SwiftUI";
				PRODUCT_NAME = "$(TARGET_NAME)";
				SUPPORTED_PLATFORMS = "iphoneos iphonesimulator";
				SUPPORTS_MACCATALYST = NO;
				SUPPORTS_MAC_DESIGNED_FOR_IPHONE_IPAD = NO;
				SWIFT_EMIT_LOC_STRINGS = YES;
				SWIFT_VERSION = 5.0;
				TARGETED_DEVICE_FAMILY = 1;
			};
			name = Release;
		};
/* End XCBuildConfiguration section */

/* Begin XCConfigurationList section */
		C6E4896A2BF286F500427675 /* Build configuration list for PBXProject "Thesis SwiftUI" */ = {
			isa = XCConfigurationList;
			buildConfigurations = (
				C6E4897B2BF286F600427675 /* Debug */,
				C6E4897C2BF286F600427675 /* Release */,
			);
			defaultConfigurationIsVisible = 0;
			defaultConfigurationName = Release;
		};
		C6E4897D2BF286F600427675 /* Build configuration list for PBXNativeTarget "Thesis SwiftUI" */ = {
			isa = XCConfigurationList;
			buildConfigurations = (
				C6E4897E2BF286F600427675 /* Debug */,
				C6E4897F2BF286F600427675 /* Release */,
			);
			defaultConfigurationIsVisible = 0;
			defaultConfigurationName = Release;
		};
/* End XCConfigurationList section */
	};
	rootObject = C6E489672BF286F500427675 /* Project object */;
}
